
Microsoft Visual Studio Solution File, Format Version 12.00
# 
Project("{FAE04EC0-301F-11D3-BF4B-00C04F79EFBC}") = "DatingApp.Backend.Api", "DatingApp.Backend.Api\DatingApp.Backend.Api.csproj", "{513700B7-3571-42A9-8696-E4C45BEB76AC}"
EndProject
Global
	GlobalSection(SolutionConfigurationPlatforms) = preSolution
		Debug|Any CPU = Debug|Any CPU
		Release|Any CPU = Release|Any CPU
	EndGlobalSection
	GlobalSection(ProjectConfigurationPlatforms) = postSolution
		{513700B7-3571-42A9-8696-E4C45BEB76AC}.Debug|Any CPU.ActiveCfg = Debug|Any CPU
		{513700B7-3571-42A9-8696-E4C45BEB76AC}.Debug|Any CPU.Build.0 = Debug|Any CPU
		{513700B7-3571-42A9-8696-E4C45BEB76AC}.Release|Any CPU.ActiveCfg = Release|Any CPU
		{513700B7-3571-42A9-8696-E4C45BEB76AC}.Release|Any CPU.Build.0 = Release|Any CPU
	EndGlobalSection
EndGlobal
